
Microsoft Visual Studio Solution File, Format Version 12.00
# Visual Studio Version 17
VisualStudioVersion = 17.14.37012.4 d17.14
MinimumVisualStudioVersion = 10.0.40219.1
Project("{FAE04EC0-301F-11D3-BF4B-00C04F79EFBC}") = "TestProject1", "TestProject1.csproj", "{8EEE55BA-BF2A-4EC5-A4D2-50918A93823E}"
EndProject
Global
	GlobalSection(SolutionConfigurationPlatforms) = preSolution
		Debug|Any CPU = Debug|Any CPU
		Release|Any CPU = Release|Any CPU
	EndGlobalSection
	GlobalSection(ProjectConfigurationPlatforms) = postSolution
		{8EEE55BA-BF2A-4EC5-A4D2-50918A93823E}.Debug|Any CPU.ActiveCfg = Debug|Any CPU
		{8EEE55BA-BF2A-4EC5-A4D2-50918A93823E}.Debug|Any CPU.Build.0 = Debug|Any CPU
		{8EEE55BA-BF2A-4EC5-A4D2-50918A93823E}.Release|Any CPU.ActiveCfg = Release|Any CPU
		{8EEE55BA-BF2A-4EC5-A4D2-50918A93823E}.Release|Any CPU.Build.0 = Release|Any CPU
	EndGlobalSection
	GlobalSection(SolutionProperties) = preSolution
		HideSolutionNode = FALSE
	EndGlobalSection
	GlobalSection(ExtensibilityGlobals) = postSolution
		SolutionGuid = {1C307782-6CD8-4956-BC91-51CBD23C7835}
	EndGlobalSection
EndGlobal
